
Microsoft Visual Studio Solution File, Format Version 12.00
# Visual Studio Version 17
VisualStudioVersion = 17.3.32819.101
MinimumVisualStudioVersion = 10.0.40219.1
Project("{9A19103F-16F7-4668-BE54-9A1E7A4F7556}") = "UrunKatalogProjesi.API", "UrunKatalogProjesi.API\UrunKatalogProjesi.API.csproj", "{554E6FDE-A6D4-47B2-8BE8-14B48D96CBF4}"
EndProject
Project("{9A19103F-16F7-4668-BE54-9A1E7A4F7556}") = "UrunKatalogProjesi.Core", "UrunKatalogProjesi.Core\UrunKatalogProjesi.Core.csproj", "{8EAF996E-0409-48C4-836D-93A23BF2AC1C}"
EndProject
Project("{9A19103F-16F7-4668-BE54-9A1E7A4F7556}") = "UrunKatalogProjesi.Data", "UrunKatalogProjesi.Data\UrunKatalogProjesi.Data.csproj", "{F1383AD0-D774-4108-8F3C-FC00326674AB}"
EndProject
Project("{9A19103F-16F7-4668-BE54-9A1E7A4F7556}") = "UrunKatalogProjesi.Service", "UrunKatalogProjesi.Service\UrunKatalogProjesi.Service.csproj", "{0C24703E-CDA6-4448-8D19-400A8CB7C873}"
EndProject
Project("{9A19103F-16F7-4668-BE54-9A1E7A4F7556}") = "UrunKatalogProjesi.BackgroundJob", "UrunKatalogProjesi.BackgroundJob\UrunKatalogProjesi.BackgroundJob.csproj", "{9D31665A-B60B-4CEB-8BD7-8F163207886D}"
EndProject
Global
	GlobalSection(SolutionConfigurationPlatforms) = preSolution
		Debug|Any CPU = Debug|Any CPU
		Release|Any CPU = Release|Any CPU
	EndGlobalSection
	GlobalSection(ProjectConfigurationPlatforms) = postSolution
		{554E6FDE-A6D4-47B2-8BE8-14B48D96CBF4}.Debug|Any CPU.ActiveCfg = Debug|Any CPU
		{554E6FDE-A6D4-47B2-8BE8-14B48D96CBF4}.Debug|Any CPU.Build.0 = Debug|Any CPU
		{554E6FDE-A6D4-47B2-8BE8-14B48D96CBF4}.Release|Any CPU.ActiveCfg = Release|Any CPU
		{554E6FDE-A6D4-47B2-8BE8-14B48D96CBF4}.Release|Any CPU.Build.0 = Release|Any CPU
		{8EAF996E-0409-48C4-836D-93A23BF2AC1C}.Debug|Any CPU.ActiveCfg = Debug|Any CPU
		{8EAF996E-0409-48C4-836D-93A23BF2AC1C}.Debug|Any CPU.Build.0 = Debug|Any CPU
		{8EAF996E-0409-48C4-836D-93A23BF2AC1C}.Release|Any CPU.ActiveCfg = Release|Any CPU
		{8EAF996E-0409-48C4-836D-93A23BF2AC1C}.Release|Any CPU.Build.0 = Release|Any CPU
		{F1383AD0-D774-4108-8F3C-FC00326674AB}.Debug|Any CPU.ActiveCfg = Debug|Any CPU
		{F1383AD0-D774-4108-8F3C-FC00326674AB}.Debug|Any CPU.Build.0 = Debug|Any CPU
		{F1383AD0-D774-4108-8F3C-FC00326674AB}.Release|Any CPU.ActiveCfg = Release|Any CPU
		{F1383AD0-D774-4108-8F3C-FC00326674AB}.Release|Any CPU.Build.0 = Release|Any CPU
		{0C24703E-CDA6-4448-8D19-400A8CB7C873}.Debug|Any CPU.ActiveCfg = Debug|Any CPU
		{0C24703E-CDA6-4448-8D19-400A8CB7C873}.Debug|Any CPU.Build.0 = Debug|Any CPU
		{0C24703E-CDA6-4448-8D19-400A8CB7C873}.Release|Any CPU.ActiveCfg = Release|Any CPU
		{0C24703E-CDA6-4448-8D19-400A8CB7C873}.Release|Any CPU.Build.0 = Release|Any CPU
		{9D31665A-B60B-4CEB-8BD7-8F163207886D}.Debug|Any CPU.ActiveCfg = Debug|Any CPU
		{9D31665A-B60B-4CEB-8BD7-8F163207886D}.Debug|Any CPU.Build.0 = Debug|Any CPU
		{9D31665A-B60B-4CEB-8BD7-8F163207886D}.Release|Any CPU.ActiveCfg = Release|Any CPU
		{9D31665A-B60B-4CEB-8BD7-8F163207886D}.Release|Any CPU.Build.0 = Release|Any CPU
	EndGlobalSection
	GlobalSection(SolutionProperties) = preSolution
		HideSolutionNode = FALSE
	EndGlobalSection
	GlobalSection(ExtensibilityGlobals) = postSolution
		SolutionGuid = {9A2FC831-4382-4EEB-9BB4-9FC206ED9079}
	EndGlobalSection
EndGlobal
